
Microsoft Visual Studio Solution File, Format Version 12.00
# Visual Studio 15
VisualStudioVersion = 15.0.28307.271
MinimumVisualStudioVersion = 10.0.40219.1
Project("{FAE04EC0-301F-11D3-BF4B-00C04F79EFBC}") = "WpfApp1", "WpfApp1\WpfApp1.csproj", "{D7262EB2-F2B4-4C7A-BB85-AD671C37B46F}"
EndProject
Global
	GlobalSection(SolutionConfigurationPlatforms) = preSolution
		Debug|Any CPU = Debug|Any CPU
		Release|Any CPU = Release|Any CPU
	EndGlobalSection
	GlobalSection(ProjectConfigurationPlatforms) = postSolution
		{D7262EB2-F2B4-4C7A-BB85-AD671C37B46F}.Debug|Any CPU.ActiveCfg = Debug|Any CPU
		{D7262EB2-F2B4-4C7A-BB85-AD671C37B46F}.Debug|Any CPU.Build.0 = Debug|Any CPU
		{D7262EB2-F2B4-4C7A-BB85-AD671C37B46F}.Release|Any CPU.ActiveCfg = Release|Any CPU
		{D7262EB2-F2B4-4C7A-BB85-AD671C37B46F}.Release|Any CPU.Build.0 = Release|Any CPU
	EndGlobalSection
	GlobalSection(SolutionProperties) = preSolution
		HideSolutionNode = FALSE
	EndGlobalSection
	GlobalSection(ExtensibilityGlobals) = postSolution
		SolutionGuid = {C806271D-7393-47DD-9BD3-08FD8B7C40B4}
	EndGlobalSection
EndGlobal
